
Microsoft Visual Studio Solution File, Format Version 12.00
# Visual Studio Version 16
VisualStudioVersion = 16.0.31019.35
MinimumVisualStudioVersion = 10.0.40219.1
Project("{9A19103F-16F7-4668-BE54-9A1E7A4F7556}") = "Search", "Search\Search.csproj", "{D888F77A-57A4-4EB8-BFC3-0C450C9AF449}"
EndProject
Project("{9A19103F-16F7-4668-BE54-9A1E7A4F7556}") = "Search.Tests", "Search.Tests\Search.Tests.csproj", "{AC4470CB-C6C1-43FD-975E-10916E5BA2C7}"
EndProject
Project("{FAE04EC0-301F-11D3-BF4B-00C04F79EFBC}") = "Search.Performance.Tests", "Search.Performance.Tests\Search.Performance.Tests.csproj", "{305C3110-130E-49A8-9368-75D4EB33E40F}"
EndProject
Global
	GlobalSection(SolutionConfigurationPlatforms) = preSolution
		Debug|Any CPU = Debug|Any CPU
		Release|Any CPU = Release|Any CPU
	EndGlobalSection
	GlobalSection(ProjectConfigurationPlatforms) = postSolution
		{D888F77A-57A4-4EB8-BFC3-0C450C9AF449}.Debug|Any CPU.ActiveCfg = Debug|Any CPU
		{D888F77A-57A4-4EB8-BFC3-0C450C9AF449}.Debug|Any CPU.Build.0 = Debug|Any CPU
		{D888F77A-57A4-4EB8-BFC3-0C450C9AF449}.Release|Any CPU.ActiveCfg = Release|Any CPU
		{D888F77A-57A4-4EB8-BFC3-0C450C9AF449}.Release|Any CPU.Build.0 = Release|Any CPU
		{AC4470CB-C6C1-43FD-975E-10916E5BA2C7}.Debug|Any CPU.ActiveCfg = Debug|Any CPU
		{AC4470CB-C6C1-43FD-975E-10916E5BA2C7}.Debug|Any CPU.Build.0 = Debug|Any CPU
		{AC4470CB-C6C1-43FD-975E-10916E5BA2C7}.Release|Any CPU.ActiveCfg = Release|Any CPU
		{AC4470CB-C6C1-43FD-975E-10916E5BA2C7}.Release|Any CPU.Build.0 = Release|Any CPU
		{305C3110-130E-49A8-9368-75D4EB33E40F}.Debug|Any CPU.ActiveCfg = Debug|Any CPU
		{305C3110-130E-49A8-9368-75D4EB33E40F}.Debug|Any CPU.Build.0 = Debug|Any CPU
		{305C3110-130E-49A8-9368-75D4EB33E40F}.Release|Any CPU.ActiveCfg = Release|Any CPU
		{305C3110-130E-49A8-9368-75D4EB33E40F}.Release|Any CPU.Build.0 = Release|Any CPU
	EndGlobalSection
	GlobalSection(SolutionProperties) = preSolution
		HideSolutionNode = FALSE
	EndGlobalSection
	GlobalSection(ExtensibilityGlobals) = postSolution
		SolutionGuid = {16CA937F-BAF6-4C69-83F3-CF182C0378AC}
	EndGlobalSection
EndGlobal
